// !$*UTF8*$!
{
	archiveVersion = 1;
	classes = {
	};
	objectVersion = 51;
	objects = {

/* Begin PBXBuildFile section */
		5202FD92235EEAC70057FD8B /* LoginViewController.swift in Sources */ = {isa = PBXBuildFile; fileRef = 5202FD91235EEAC70057FD8B /* LoginViewController.swift */; };
		5202FD94235EEDD60057FD8B /* MenuViewController.swift in Sources */ = {isa = PBXBuildFile; fileRef = 5202FD93235EEDD60057FD8B /* MenuViewController.swift */; };
		5208077A236089DC008ED751 /* OrderViewController.swift in Sources */ = {isa = PBXBuildFile; fileRef = 52080779236089DC008ED751 /* OrderViewController.swift */; };
		5208077C23608A93008ED751 /* SettingsViewController.swift in Sources */ = {isa = PBXBuildFile; fileRef = 5208077B23608A93008ED751 /* SettingsViewController.swift */; };
		5208077E2362F969008ED751 /* MenuTableViewCell.swift in Sources */ = {isa = PBXBuildFile; fileRef = 5208077D2362F969008ED751 /* MenuTableViewCell.swift */; };
		520807802362F995008ED751 /* MenuCollectionViewCell.swift in Sources */ = {isa = PBXBuildFile; fileRef = 5208077F2362F995008ED751 /* MenuCollectionViewCell.swift */; };
		520EDAC723153F25000B9078 /* AppDelegate.swift in Sources */ = {isa = PBXBuildFile; fileRef = 520EDAC623153F25000B9078 /* AppDelegate.swift */; };
		520EDACC23153F25000B9078 /* Main.storyboard in Resources */ = {isa = PBXBuildFile; fileRef = 520EDACA23153F25000B9078 /* Main.storyboard */; };
		520EDACE23153F28000B9078 /* Assets.xcassets in Resources */ = {isa = PBXBuildFile; fileRef = 520EDACD23153F28000B9078 /* Assets.xcassets */; };
		520EDAD123153F28000B9078 /* LaunchScreen.storyboard in Resources */ = {isa = PBXBuildFile; fileRef = 520EDACF23153F28000B9078 /* LaunchScreen.storyboard */; };
		52138CBD2366E5100063A7E1 /* OrderTableViewCell.swift in Sources */ = {isa = PBXBuildFile; fileRef = 52138CBC2366E5100063A7E1 /* OrderTableViewCell.swift */; };
		52138CBF236705BC0063A7E1 /* FoodDetailsViewController.swift in Sources */ = {isa = PBXBuildFile; fileRef = 52138CBE236705BC0063A7E1 /* FoodDetailsViewController.swift */; };
		FF4DE318574DDFA1FD144768 /* Pods_Foody.framework in Frameworks */ = {isa = PBXBuildFile; fileRef = 7E81677125FC3C607A15D437 /* Pods_Foody.framework */; };
/* End PBXBuildFile section */

/* Begin PBXFileReference section */
		5202FD91235EEAC70057FD8B /* LoginViewController.swift */ = {isa = PBXFileReference; lastKnownFileType = sourcecode.swift; path = LoginViewController.swift; sourceTree = "<group>"; };
		5202FD93235EEDD60057FD8B /* MenuViewController.swift */ = {isa = PBXFileReference; lastKnownFileType = sourcecode.swift; path = MenuViewController.swift; sourceTree = "<group>"; };
		52080779236089DC008ED751 /* OrderViewController.swift */ = {isa = PBXFileReference; lastKnownFileType = sourcecode.swift; path = OrderViewController.swift; sourceTree = "<group>"; };
		5208077B23608A93008ED751 /* SettingsViewController.swift */ = {isa = PBXFileReference; lastKnownFileType = sourcecode.swift; path = SettingsViewController.swift; sourceTree = "<group>"; };
		5208077D2362F969008ED751 /* MenuTableViewCell.swift */ = {isa = PBXFileReference; lastKnownFileType = sourcecode.swift; path = MenuTableViewCell.swift; sourceTree = "<group>"; };
		5208077F2362F995008ED751 /* MenuCollectionViewCell.swift */ = {isa = PBXFileReference; lastKnownFileType = sourcecode.swift; path = MenuCollectionViewCell.swift; sourceTree = "<group>"; };
		520EDAC323153F25000B9078 /* Foody.app */ = {isa = PBXFileReference; explicitFileType = wrapper.application; includeInIndex = 0; path = Foody.app; sourceTree = BUILT_PRODUCTS_DIR; };
		520EDAC623153F25000B9078 /* AppDelegate.swift */ = {isa = PBXFileReference; lastKnownFileType = sourcecode.swift; path = AppDelegate.swift; sourceTree = "<group>"; };
		520EDACB23153F25000B9078 /* Base */ = {isa = PBXFileReference; lastKnownFileType = file.storyboard; name = Base; path = Base.lproj/Main.storyboard; sourceTree = "<group>"; };
		520EDACD23153F28000B9078 /* Assets.xcassets */ = {isa = PBXFileReference; lastKnownFileType = folder.assetcatalog; path = Assets.xcassets; sourceTree = "<group>"; };
		520EDAD023153F28000B9078 /* Base */ = {isa = PBXFileReference; lastKnownFileType = file.storyboard; name = Base; path = Base.lproj/LaunchScreen.storyboard; sourceTree = "<group>"; };
		520EDAD223153F28000B9078 /* Info.plist */ = {isa = PBXFileReference; lastKnownFileType = text.plist.xml; path = Info.plist; sourceTree = "<group>"; };
		52138CBC2366E5100063A7E1 /* OrderTableViewCell.swift */ = {isa = PBXFileReference; lastKnownFileType = sourcecode.swift; path = OrderTableViewCell.swift; sourceTree = "<group>"; };
		52138CBE236705BC0063A7E1 /* FoodDetailsViewController.swift */ = {isa = PBXFileReference; lastKnownFileType = sourcecode.swift; path = FoodDetailsViewController.swift; sourceTree = "<group>"; };
		7E81677125FC3C607A15D437 /* Pods_Foody.framework */ = {isa = PBXFileReference; explicitFileType = wrapper.framework; includeInIndex = 0; path = Pods_Foody.framework; sourceTree = BUILT_PRODUCTS_DIR; };
		A82D5D91EDED7DCCC3A3CAE0 /* Pods-Foody.debug.xcconfig */ = {isa = PBXFileReference; includeInIndex = 1; lastKnownFileType = text.xcconfig; name = "Pods-Foody.debug.xcconfig"; path = "Target Support Files/Pods-Foody/Pods-Foody.debug.xcconfig"; sourceTree = "<group>"; };
		FFBCC11D54B14ECB2FCF2431 /* Pods-Foody.release.xcconfig */ = {isa = PBXFileReference; includeInIndex = 1; lastKnownFileType = text.xcconfig; name = "Pods-Foody.release.xcconfig"; path = "Target Support Files/Pods-Foody/Pods-Foody.release.xcconfig"; sourceTree = "<group>"; };
/* End PBXFileReference section */

/* Begin PBXFrameworksBuildPhase section */
		520EDAC023153F25000B9078 /* Frameworks */ = {
			isa = PBXFrameworksBuildPhase;
			buildActionMask = 2147483647;
			files = (
				FF4DE318574DDFA1FD144768 /* Pods_Foody.framework in Frameworks */,
			);
			runOnlyForDeploymentPostprocessing = 0;
		};
/* End PBXFrameworksBuildPhase section */

/* Begin PBXGroup section */
		38F4ADBE3C6B7154BE2E8690 /* Frameworks */ = {
			isa = PBXGroup;
			children = (
				7E81677125FC3C607A15D437 /* Pods_Foody.framework */,
			);
			name = Frameworks;
			sourceTree = "<group>";
		};
		520EDABA23153F25000B9078 = {
			isa = PBXGroup;
			children = (
				520EDAC523153F25000B9078 /* Foody */,
				520EDAC423153F25000B9078 /* Products */,
				D3E912F357E8CD2E15FD16CF /* Pods */,
				38F4ADBE3C6B7154BE2E8690 /* Frameworks */,
			);
			sourceTree = "<group>";
		};
		520EDAC423153F25000B9078 /* Products */ = {
			isa = PBXGroup;
			children = (
				520EDAC323153F25000B9078 /* Foody.app */,
			);
			name = Products;
			sourceTree = "<group>";
		};
		520EDAC523153F25000B9078 /* Foody */ = {
			isa = PBXGroup;
			children = (
				520EDAC623153F25000B9078 /* AppDelegate.swift */,
				520EDACA23153F25000B9078 /* Main.storyboard */,
				5202FD91235EEAC70057FD8B /* LoginViewController.swift */,
				5202FD93235EEDD60057FD8B /* MenuViewController.swift */,
				5208077D2362F969008ED751 /* MenuTableViewCell.swift */,
				5208077F2362F995008ED751 /* MenuCollectionViewCell.swift */,
				52080779236089DC008ED751 /* OrderViewController.swift */,
				52138CBC2366E5100063A7E1 /* OrderTableViewCell.swift */,
				52138CBE236705BC0063A7E1 /* FoodDetailsViewController.swift */,
				5208077B23608A93008ED751 /* SettingsViewController.swift */,
				520EDACD23153F28000B9078 /* Assets.xcassets */,
				520EDACF23153F28000B9078 /* LaunchScreen.storyboard */,
				520EDAD223153F28000B9078 /* Info.plist */,
			);
			path = Foody;
			sourceTree = "<group>";
		};
		D3E912F357E8CD2E15FD16CF /* Pods */ = {
			isa = PBXGroup;
			children = (
				A82D5D91EDED7DCCC3A3CAE0 /* Pods-Foody.debug.xcconfig */,
				FFBCC11D54B14ECB2FCF2431 /* Pods-Foody.release.xcconfig */,
			);
			path = Pods;
			sourceTree = "<group>";
		};
/* End PBXGroup section */

/* Begin PBXNativeTarget section */
		520EDAC223153F25000B9078 /* Foody */ = {
			isa = PBXNativeTarget;
			buildConfigurationList = 520EDAD523153F28000B9078 /* Build configuration list for PBXNativeTarget "Foody" */;
			buildPhases = (
				FE67E04E65F2D7084ECC957A /* [CP] Check Pods Manifest.lock */,
				520EDABF23153F25000B9078 /* Sources */,
				520EDAC023153F25000B9078 /* Frameworks */,
				520EDAC123153F25000B9078 /* Resources */,
				1FF3C322856CADDC27F30838 /* [CP] Embed Pods Frameworks */,
			);
			buildRules = (
			);
			dependencies = (
			);
			name = Foody;
			productName = Foody;
			productReference = 520EDAC323153F25000B9078 /* Foody.app */;
			productType = "com.apple.product-type.application";
		};
/* End PBXNativeTarget section */

/* Begin PBXProject section */
		520EDABB23153F25000B9078 /* Project object */ = {
			isa = PBXProject;
			attributes = {
				LastSwiftUpdateCheck = 1030;
				LastUpgradeCheck = 1030;
				ORGANIZATIONNAME = "Petar Stanisic";
				TargetAttributes = {
					520EDAC223153F25000B9078 = {
						CreatedOnToolsVersion = 10.3;
					};
				};
			};
			buildConfigurationList = 520EDABE23153F25000B9078 /* Build configuration list for PBXProject "Foody" */;
			compatibilityVersion = "Xcode 9.3";
			developmentRegion = en;
			hasScannedForEncodings = 0;
			knownRegions = (
				en,
				Base,
			);
			mainGroup = 520EDABA23153F25000B9078;
			productRefGroup = 520EDAC423153F25000B9078 /* Products */;
			projectDirPath = "";
			projectRoot = "";
			targets = (
				520EDAC223153F25000B9078 /* Foody */,
			);
		};
/* End PBXProject section */

/* Begin PBXResourcesBuildPhase section */
		520EDAC123153F25000B9078 /* Resources */ = {
			isa = PBXResourcesBuildPhase;
			buildActionMask = 2147483647;
			files = (
				520EDAD123153F28000B9078 /* LaunchScreen.storyboard in Resources */,
				520EDACE23153F28000B9078 /* Assets.xcassets in Resources */,
				520EDACC23153F25000B9078 /* Main.storyboard in Resources */,
			);
			runOnlyForDeploymentPostprocessing = 0;
		};
/* End PBXResourcesBuildPhase section */

/* Begin PBXShellScriptBuildPhase section */
		1FF3C322856CADDC27F30838 /* [CP] Embed Pods Frameworks */ = {
			isa = PBXShellScriptBuildPhase;
			buildActionMask = 2147483647;
			files = (
			);
			inputFileListPaths = (
				"${PODS_ROOT}/Target Support Files/Pods-Foody/Pods-Foody-frameworks-${CONFIGURATION}-input-files.xcfilelist",
			);
			name = "[CP] Embed Pods Frameworks";
			outputFileListPaths = (
				"${PODS_ROOT}/Target Support Files/Pods-Foody/Pods-Foody-frameworks-${CONFIGURATION}-output-files.xcfilelist",
			);
			runOnlyForDeploymentPostprocessing = 0;
			shellPath = /bin/sh;
			shellScript = "\"${PODS_ROOT}/Target Support Files/Pods-Foody/Pods-Foody-frameworks.sh\"\n";
			showEnvVarsInLog = 0;
		};
		FE67E04E65F2D7084ECC957A /* [CP] Check Pods Manifest.lock */ = {
			isa = PBXShellScriptBuildPhase;
			buildActionMask = 2147483647;
			files = (
			);
			inputFileListPaths = (
			);
			inputPaths = (
				"${PODS_PODFILE_DIR_PATH}/Podfile.lock",
				"${PODS_ROOT}/Manifest.lock",
			);
			name = "[CP] Check Pods Manifest.lock";
			outputFileListPaths = (
			);
			outputPaths = (
				"$(DERIVED_FILE_DIR)/Pods-Foody-checkManifestLockResult.txt",
			);
			runOnlyForDeploymentPostprocessing = 0;
			shellPath = /bin/sh;
			shellScript = "diff \"${PODS_PODFILE_DIR_PATH}/Podfile.lock\" \"${PODS_ROOT}/Manifest.lock\" > /dev/null\nif [ $? != 0 ] ; then\n    # print error to STDERR\n    echo \"error: The sandbox is not in sync with the Podfile.lock. Run 'pod install' or update your CocoaPods installation.\" >&2\n    exit 1\nfi\n# This output is used by Xcode 'outputs' to avoid re-running this script phase.\necho \"SUCCESS\" > \"${SCRIPT_OUTPUT_FILE_0}\"\n";
			showEnvVarsInLog = 0;
		};
/* End PBXShellScriptBuildPhase section */

/* Begin PBXSourcesBuildPhase section */
		520EDABF23153F25000B9078 /* Sources */ = {
			isa = PBXSourcesBuildPhase;
			buildActionMask = 2147483647;
			files = (
				5202FD92235EEAC70057FD8B /* LoginViewController.swift in Sources */,
				520807802362F995008ED751 /* MenuCollectionViewCell.swift in Sources */,
				52138CBD2366E5100063A7E1 /* OrderTableViewCell.swift in Sources */,
				5202FD94235EEDD60057FD8B /* MenuViewController.swift in Sources */,
				5208077E2362F969008ED751 /* MenuTableViewCell.swift in Sources */,
				52138CBF236705BC0063A7E1 /* FoodDetailsViewController.swift in Sources */,
				520EDAC723153F25000B9078 /* AppDelegate.swift in Sources */,
				5208077C23608A93008ED751 /* SettingsViewController.swift in Sources */,
				5208077A236089DC008ED751 /* OrderViewController.swift in Sources */,
			);
			runOnlyForDeploymentPostprocessing = 0;
		};
/* End PBXSourcesBuildPhase section */

/* Begin PBXVariantGroup section */
		520EDACA23153F25000B9078 /* Main.storyboard */ = {
			isa = PBXVariantGroup;
			children = (
				520EDACB23153F25000B9078 /* Base */,
			);
			name = Main.storyboard;
			sourceTree = "<group>";
		};
		520EDACF23153F28000B9078 /* LaunchScreen.storyboard */ = {
			isa = PBXVariantGroup;
			children = (
				520EDAD023153F28000B9078 /* Base */,
			);
			name = LaunchScreen.storyboard;
			sourceTree = "<group>";
		};
/* End PBXVariantGroup section */

/* Begin XCBuildConfiguration section */
		520EDAD323153F28000B9078 /* Debug */ = {
			isa = XCBuildConfiguration;
			buildSettings = {
				ALWAYS_SEARCH_USER_PATHS = NO;
				CLANG_ANALYZER_NONNULL = YES;
				CLANG_ANALYZER_NUMBER_OBJECT_CONVERSION = YES_AGGRESSIVE;
				CLANG_CXX_LANGUAGE_STANDARD = "gnu++14";
				CLANG_CXX_LIBRARY = "libc++";
				CLANG_ENABLE_MODULES = YES;
				CLANG_ENABLE_OBJC_ARC = YES;
				CLANG_ENABLE_OBJC_WEAK = YES;
				CLANG_WARN_BLOCK_CAPTURE_AUTORELEASING = YES;
				CLANG_WARN_BOOL_CONVERSION = YES;
				CLANG_WARN_COMMA = YES;
				CLANG_WARN_CONSTANT_CONVERSION = YES;
				CLANG_WARN_DEPRECATED_OBJC_IMPLEMENTATIONS = YES;
				CLANG_WARN_DIRECT_OBJC_ISA_USAGE = YES_ERROR;
				CLANG_WARN_DOCUMENTATION_COMMENTS = YES;
				CLANG_WARN_EMPTY_BODY = YES;
				CLANG_WARN_ENUM_CONVERSION = YES;
				CLANG_WARN_INFINITE_RECURSION = YES;
				CLANG_WARN_INT_CONVERSION = YES;
				CLANG_WARN_NON_LITERAL_NULL_CONVERSION = YES;
				CLANG_WARN_OBJC_IMPLICIT_RETAIN_SELF = YES;
				CLANG_WARN_OBJC_LITERAL_CONVERSION = YES;
				CLANG_WARN_OBJC_ROOT_CLASS = YES_ERROR;
				CLANG_WARN_RANGE_LOOP_ANALYSIS = YES;
				CLANG_WARN_STRICT_PROTOTYPES = YES;
				CLANG_WARN_SUSPICIOUS_MOVE = YES;
				CLANG_WARN_UNGUARDED_AVAILABILITY = YES_AGGRESSIVE;
				CLANG_WARN_UNREACHABLE_CODE = YES;
				CLANG_WARN__DUPLICATE_METHOD_MATCH = YES;
				CODE_SIGN_IDENTITY = "iPhone Developer";
				COPY_PHASE_STRIP = NO;
				DEBUG_INFORMATION_FORMAT = dwarf;
				ENABLE_STRICT_OBJC_MSGSEND = YES;
				ENABLE_TESTABILITY = YES;
				GCC_C_LANGUAGE_STANDARD = gnu11;
				GCC_DYNAMIC_NO_PIC = NO;
				GCC_NO_COMMON_BLOCKS = YES;
				GCC_OPTIMIZATION_LEVEL = 0;
				GCC_PREPROCESSOR_DEFINITIONS = (
					"DEBUG=1",
					"$(inherited)",
				);
				GCC_WARN_64_TO_32_BIT_CONVERSION = YES;
				GCC_WARN_ABOUT_RETURN_TYPE = YES_ERROR;
				GCC_WARN_UNDECLARED_SELECTOR = YES;
				GCC_WARN_UNINITIALIZED_AUTOS = YES_AGGRESSIVE;
				GCC_WARN_UNUSED_FUNCTION = YES;
				GCC_WARN_UNUSED_VARIABLE = YES;
				IPHONEOS_DEPLOYMENT_TARGET = 12.4;
				MTL_ENABLE_DEBUG_INFO = INCLUDE_SOURCE;
				MTL_FAST_MATH = YES;
				ONLY_ACTIVE_ARCH = YES;
				SDKROOT = iphoneos;
				SWIFT_ACTIVE_COMPILATION_CONDITIONS = DEBUG;
				SWIFT_OPTIMIZATION_LEVEL = "-Onone";
			};
			name = Debug;
		};
		520EDAD423153F28000B9078 /* Release */ = {
			isa = XCBuildConfiguration;
			buildSettings = {
				ALWAYS_SEARCH_USER_PATHS = NO;
				CLANG_ANALYZER_NONNULL = YES;
				CLANG_ANALYZER_NUMBER_OBJECT_CONVERSION = YES_AGGRESSIVE;
				CLANG_CXX_LANGUAGE_STANDARD = "gnu++14";
				CLANG_CXX_LIBRARY = "libc++";
				CLANG_ENABLE_MODULES = YES;
				CLANG_ENABLE_OBJC_ARC = YES;
				CLANG_ENABLE_OBJC_WEAK = YES;
				CLANG_WARN_BLOCK_CAPTURE_AUTORELEASING = YES;
				CLANG_WARN_BOOL_CONVERSION = YES;
				CLANG_WARN_COMMA = YES;
				CLANG_WARN_CONSTANT_CONVERSION = YES;
				CLANG_WARN_DEPRECATED_OBJC_IMPLEMENTATIONS = YES;
				CLANG_WARN_DIRECT_OBJC_ISA_USAGE = YES_ERROR;
				CLANG_WARN_DOCUMENTATION_COMMENTS = YES;
				CLANG_WARN_EMPTY_BODY = YES;
				CLANG_WARN_ENUM_CONVERSION = YES;
				CLANG_WARN_INFINITE_RECURSION = YES;
				CLANG_WARN_INT_CONVERSION = YES;
				CLANG_WARN_NON_LITERAL_NULL_CONVERSION = YES;
				CLANG_WARN_OBJC_IMPLICIT_RETAIN_SELF = YES;
				CLANG_WARN_OBJC_LITERAL_CONVERSION = YES;
				CLANG_WARN_OBJC_ROOT_CLASS = YES_ERROR;
				CLANG_WARN_RANGE_LOOP_ANALYSIS = YES;
				CLANG_WARN_STRICT_PROTOTYPES = YES;
				CLANG_WARN_SUSPICIOUS_MOVE = YES;
				CLANG_WARN_UNGUARDED_AVAILABILITY = YES_AGGRESSIVE;
				CLANG_WARN_UNREACHABLE_CODE = YES;
				CLANG_WARN__DUPLICATE_METHOD_MATCH = YES;
				CODE_SIGN_IDENTITY = "iPhone Developer";
				COPY_PHASE_STRIP = NO;
				DEBUG_INFORMATION_FORMAT = "dwarf-with-dsym";
				ENABLE_NS_ASSERTIONS = NO;
				ENABLE_STRICT_OBJC_MSGSEND = YES;
				GCC_C_LANGUAGE_STANDARD = gnu11;
				GCC_NO_COMMON_BLOCKS = YES;
				GCC_WARN_64_TO_32_BIT_CONVERSION = YES;
				GCC_WARN_ABOUT_RETURN_TYPE = YES_ERROR;
				GCC_WARN_UNDECLARED_SELECTOR = YES;
				GCC_WARN_UNINITIALIZED_AUTOS = YES_AGGRESSIVE;
				GCC_WARN_UNUSED_FUNCTION = YES;
				GCC_WARN_UNUSED_VARIABLE = YES;
				IPHONEOS_DEPLOYMENT_TARGET = 12.4;
				MTL_ENABLE_DEBUG_INFO = NO;
				MTL_FAST_MATH = YES;
				SDKROOT = iphoneos;
				SWIFT_COMPILATION_MODE = wholemodule;
				SWIFT_OPTIMIZATION_LEVEL = "-O";
				VALIDATE_PRODUCT = YES;
			};
			name = Release;
		};
		520EDAD623153F28000B9078 /* Debug */ = {
			isa = XCBuildConfiguration;
			baseConfigurationReference = A82D5D91EDED7DCCC3A3CAE0 /* Pods-Foody.debug.xcconfig */;
			buildSettings = {
				ASSETCATALOG_COMPILER_APPICON_NAME = AppIcon;
				CODE_SIGN_STYLE = Automatic;
				DEVELOPMENT_TEAM = UUDUK2F22X;
				INFOPLIST_FILE = Foody/Info.plist;
				LD_RUNPATH_SEARCH_PATHS = (
					"$(inherited)",
					"@executable_path/Frameworks",
				);
				PRODUCT_BUNDLE_IDENTIFIER = ui.swift.com.Foody;
				PRODUCT_NAME = "$(TARGET_NAME)";
				SWIFT_VERSION = 5.0;
				TARGETED_DEVICE_FAMILY = "1,2";
			};
			name = Debug;
		};
		520EDAD723153F28000B9078 /* Release */ = {
			isa = XCBuildConfiguration;
			baseConfigurationReference = FFBCC11D54B14ECB2FCF2431 /* Pods-Foody.release.xcconfig */;
			buildSettings = {
				ASSETCATALOG_COMPILER_APPICON_NAME = AppIcon;
				CODE_SIGN_STYLE = Automatic;
				DEVELOPMENT_TEAM = UUDUK2F22X;
				INFOPLIST_FILE = Foody/Info.plist;
				LD_RUNPATH_SEARCH_PATHS = (
					"$(inherited)",
					"@executable_path/Frameworks",
				);
				PRODUCT_BUNDLE_IDENTIFIER = ui.swift.com.Foody;
				PRODUCT_NAME = "$(TARGET_NAME)";
				SWIFT_VERSION = 5.0;
				TARGETED_DEVICE_FAMILY = "1,2";
			};
			name = Release;
		};
/* End XCBuildConfiguration section */

/* Begin XCConfigurationList section */
		520EDABE23153F25000B9078 /* Build configuration list for PBXProject "Foody" */ = {
			isa = XCConfigurationList;
			buildConfigurations = (
				520EDAD323153F28000B9078 /* Debug */,
				520EDAD423153F28000B9078 /* Release */,
			);
			defaultConfigurationIsVisible = 0;
			defaultConfigurationName = Release;
		};
		520EDAD523153F28000B9078 /* Build configuration list for PBXNativeTarget "Foody" */ = {
			isa = XCConfigurationList;
			buildConfigurations = (
				520EDAD623153F28000B9078 /* Debug */,
				520EDAD723153F28000B9078 /* Release */,
			);
			defaultConfigurationIsVisible = 0;
			defaultConfigurationName = Release;
		};
/* End XCConfigurationList section */
	};
	rootObject = 520EDABB23153F25000B9078 /* Project object */;
}
